
Microsoft Visual Studio Solution File, Format Version 12.00
Project("{FAE04EC0-301F-11D3-BF4B-00C04F79EFBC}") = "ToyPl.UnitTests", "tests\ToyPl.UnitTests\ToyPl.UnitTests.csproj", "{5588B576-E859-42C3-89AA-BFC003303F95}"
EndProject
Project("{FAE04EC0-301F-11D3-BF4B-00C04F79EFBC}") = "ToyPl", "src\ToyPl\ToyPl.csproj", "{3727C0A2-A7B7-4F53-8BF1-2948934F96FB}"
EndProject
Project("{2150E333-8FDC-42A3-9474-1A3956D46DE8}") = "src", "src", "{5BA68FB0-B0C5-46CE-B733-B49092BFB22F}"
EndProject
Project("{2150E333-8FDC-42A3-9474-1A3956D46DE8}") = "tests", "tests", "{97F54644-9E5C-4C05-9593-09A73B5FB6F5}"
EndProject
Global
	GlobalSection(SolutionConfigurationPlatforms) = preSolution
		Debug|Any CPU = Debug|Any CPU
		Release|Any CPU = Release|Any CPU
	EndGlobalSection
	GlobalSection(ProjectConfigurationPlatforms) = postSolution
		{5588B576-E859-42C3-89AA-BFC003303F95}.Debug|Any CPU.ActiveCfg = Debug|Any CPU
		{5588B576-E859-42C3-89AA-BFC003303F95}.Debug|Any CPU.Build.0 = Debug|Any CPU
		{5588B576-E859-42C3-89AA-BFC003303F95}.Release|Any CPU.ActiveCfg = Release|Any CPU
		{5588B576-E859-42C3-89AA-BFC003303F95}.Release|Any CPU.Build.0 = Release|Any CPU
		{3727C0A2-A7B7-4F53-8BF1-2948934F96FB}.Debug|Any CPU.ActiveCfg = Debug|Any CPU
		{3727C0A2-A7B7-4F53-8BF1-2948934F96FB}.Debug|Any CPU.Build.0 = Debug|Any CPU
		{3727C0A2-A7B7-4F53-8BF1-2948934F96FB}.Release|Any CPU.ActiveCfg = Release|Any CPU
		{3727C0A2-A7B7-4F53-8BF1-2948934F96FB}.Release|Any CPU.Build.0 = Release|Any CPU
	EndGlobalSection
	GlobalSection(NestedProjects) = preSolution
		{3727C0A2-A7B7-4F53-8BF1-2948934F96FB} = {5BA68FB0-B0C5-46CE-B733-B49092BFB22F}
		{5588B576-E859-42C3-89AA-BFC003303F95} = {97F54644-9E5C-4C05-9593-09A73B5FB6F5}
	EndGlobalSection
EndGlobal
